
Microsoft Visual Studio Solution File, Format Version 12.00
# Visual Studio 15
VisualStudioVersion = 15.0.28307.1022
MinimumVisualStudioVersion = 10.0.40219.1
Project("{8BC9CEB8-8B4A-11D0-8D11-00A0C91BC942}") = "Bark", "Bark.vcxproj", "{C5F80730-F44F-4478-BDAE-6634EFC2CA88}"
EndProject
Project("{2150E333-8FDC-42A3-9474-1A3956D46DE8}") = "TESTS", "TESTS", "{58CB2A02-8A73-46D9-A7F3-C631CA5F5F51}"
EndProject
Project("{8BC9CEB8-8B4A-11D0-8D11-00A0C91BC942}") = "TestBuzzer", "TestBuzzer\TestBuzzer.vcxproj", "{D0FC5B97-A5D5-4F85-80E1-684C148DF810}"
EndProject
Project("{8BC9CEB8-8B4A-11D0-8D11-00A0C91BC942}") = "TestNoiseSensor", "TestNoiseSensor\TestNoiseSensor.vcxproj", "{C94690D1-36CF-4CCE-A1DD-0A06C0E1BA3D}"
EndProject
Project("{8BC9CEB8-8B4A-11D0-8D11-00A0C91BC942}") = "Microphone_sound_sensor", "Microphone_sound_sensor\Microphone_sound_sensor.vcxproj", "{E8AE79D6-84E9-4595-AE4C-8E6CC80D4C71}"
EndProject
Project("{8BC9CEB8-8B4A-11D0-8D11-00A0C91BC942}") = "TestUltrasonicSpeaker", "TestUltrasonicSpeaker\TestUltrasonicSpeaker.vcxproj", "{58AE77AE-30D9-4622-A636-45F43C57C30C}"
EndProject
Project("{8BC9CEB8-8B4A-11D0-8D11-00A0C91BC942}") = "NYG_Library", "..\..\Libraries\NYG_Library.vcxitems", "{62C10FDB-437D-4FC4-AF28-4BF3DFA5D158}"
EndProject
Global
	GlobalSection(SolutionConfigurationPlatforms) = preSolution
		Debug|x86 = Debug|x86
		Release|x86 = Release|x86
	EndGlobalSection
	GlobalSection(ProjectConfigurationPlatforms) = postSolution
		{C5F80730-F44F-4478-BDAE-6634EFC2CA88}.Debug|x86.ActiveCfg = Debug|Win32
		{C5F80730-F44F-4478-BDAE-6634EFC2CA88}.Debug|x86.Build.0 = Debug|Win32
		{C5F80730-F44F-4478-BDAE-6634EFC2CA88}.Release|x86.ActiveCfg = Release|Win32
		{C5F80730-F44F-4478-BDAE-6634EFC2CA88}.Release|x86.Build.0 = Release|Win32
		{D0FC5B97-A5D5-4F85-80E1-684C148DF810}.Debug|x86.ActiveCfg = Debug|Win32
		{D0FC5B97-A5D5-4F85-80E1-684C148DF810}.Debug|x86.Build.0 = Debug|Win32
		{D0FC5B97-A5D5-4F85-80E1-684C148DF810}.Release|x86.ActiveCfg = Release|Win32
		{D0FC5B97-A5D5-4F85-80E1-684C148DF810}.Release|x86.Build.0 = Release|Win32
		{C94690D1-36CF-4CCE-A1DD-0A06C0E1BA3D}.Debug|x86.ActiveCfg = Debug|Win32
		{C94690D1-36CF-4CCE-A1DD-0A06C0E1BA3D}.Debug|x86.Build.0 = Debug|Win32
		{C94690D1-36CF-4CCE-A1DD-0A06C0E1BA3D}.Release|x86.ActiveCfg = Release|Win32
		{C94690D1-36CF-4CCE-A1DD-0A06C0E1BA3D}.Release|x86.Build.0 = Release|Win32
		{E8AE79D6-84E9-4595-AE4C-8E6CC80D4C71}.Debug|x86.ActiveCfg = Debug|Win32
		{E8AE79D6-84E9-4595-AE4C-8E6CC80D4C71}.Debug|x86.Build.0 = Debug|Win32
		{E8AE79D6-84E9-4595-AE4C-8E6CC80D4C71}.Release|x86.ActiveCfg = Release|Win32
		{E8AE79D6-84E9-4595-AE4C-8E6CC80D4C71}.Release|x86.Build.0 = Release|Win32
		{58AE77AE-30D9-4622-A636-45F43C57C30C}.Debug|x86.ActiveCfg = Debug|Win32
		{58AE77AE-30D9-4622-A636-45F43C57C30C}.Debug|x86.Build.0 = Debug|Win32
		{58AE77AE-30D9-4622-A636-45F43C57C30C}.Release|x86.ActiveCfg = Release|Win32
		{58AE77AE-30D9-4622-A636-45F43C57C30C}.Release|x86.Build.0 = Release|Win32
	EndGlobalSection
	GlobalSection(SolutionProperties) = preSolution
		HideSolutionNode = FALSE
	EndGlobalSection
	GlobalSection(NestedProjects) = preSolution
		{D0FC5B97-A5D5-4F85-80E1-684C148DF810} = {58CB2A02-8A73-46D9-A7F3-C631CA5F5F51}
		{C94690D1-36CF-4CCE-A1DD-0A06C0E1BA3D} = {58CB2A02-8A73-46D9-A7F3-C631CA5F5F51}
		{E8AE79D6-84E9-4595-AE4C-8E6CC80D4C71} = {58CB2A02-8A73-46D9-A7F3-C631CA5F5F51}
		{58AE77AE-30D9-4622-A636-45F43C57C30C} = {58CB2A02-8A73-46D9-A7F3-C631CA5F5F51}
	EndGlobalSection
	GlobalSection(ExtensibilityGlobals) = postSolution
		SolutionGuid = {A9CCE643-6EF4-4794-BA86-0540BA13E40B}
	EndGlobalSection
EndGlobal
